
Microsoft Visual Studio Solution File, Format Version 12.00
# Visual Studio Version 16
VisualStudioVersion = 16.0.33130.400
MinimumVisualStudioVersion = 10.0.40219.1
Project("{FAE04EC0-301F-11D3-BF4B-00C04F79EFBC}") = "salonmanagement", "salonmanagement\salonmanagement.csproj", "{7FCDE415-841B-4A42-A5DB-15B4657763C0}"
EndProject
Global
	GlobalSection(SolutionConfigurationPlatforms) = preSolution
		Debug|Any CPU = Debug|Any CPU
		Release|Any CPU = Release|Any CPU
	EndGlobalSection
	GlobalSection(ProjectConfigurationPlatforms) = postSolution
		{7FCDE415-841B-4A42-A5DB-15B4657763C0}.Debug|Any CPU.ActiveCfg = Debug|Any CPU
		{7FCDE415-841B-4A42-A5DB-15B4657763C0}.Debug|Any CPU.Build.0 = Debug|Any CPU
		{7FCDE415-841B-4A42-A5DB-15B4657763C0}.Release|Any CPU.ActiveCfg = Release|Any CPU
		{7FCDE415-841B-4A42-A5DB-15B4657763C0}.Release|Any CPU.Build.0 = Release|Any CPU
	EndGlobalSection
	GlobalSection(SolutionProperties) = preSolution
		HideSolutionNode = FALSE
	EndGlobalSection
	GlobalSection(ExtensibilityGlobals) = postSolution
		SolutionGuid = {F2C8B106-3E60-49B7-9518-829EBAE222CA}
	EndGlobalSection
EndGlobal
